
Microsoft Visual Studio Solution File, Format Version 12.00
# Visual Studio Version 17
VisualStudioVersion = 17.6.33815.320
MinimumVisualStudioVersion = 10.0.40219.1
Project("{FAE04EC0-301F-11D3-BF4B-00C04F79EFBC}") = "AppEje2_2.Android", "AppEje2_2.Android\AppEje2_2.Android.csproj", "{1E319CA1-702A-42A1-A4EB-9E5DE769FA5C}"
EndProject
Project("{FAE04EC0-301F-11D3-BF4B-00C04F79EFBC}") = "AppEje2_2", "AppEje2_2\AppEje2_2.csproj", "{45E910CE-9D11-4D80-B07E-C9197A55ECA8}"
EndProject
Global
	GlobalSection(SolutionConfigurationPlatforms) = preSolution
		Debug|Any CPU = Debug|Any CPU
		Release|Any CPU = Release|Any CPU
	EndGlobalSection
	GlobalSection(ProjectConfigurationPlatforms) = postSolution
		{1E319CA1-702A-42A1-A4EB-9E5DE769FA5C}.Debug|Any CPU.ActiveCfg = Debug|Any CPU
		{1E319CA1-702A-42A1-A4EB-9E5DE769FA5C}.Debug|Any CPU.Build.0 = Debug|Any CPU
		{1E319CA1-702A-42A1-A4EB-9E5DE769FA5C}.Debug|Any CPU.Deploy.0 = Debug|Any CPU
		{1E319CA1-702A-42A1-A4EB-9E5DE769FA5C}.Release|Any CPU.ActiveCfg = Release|Any CPU
		{1E319CA1-702A-42A1-A4EB-9E5DE769FA5C}.Release|Any CPU.Build.0 = Release|Any CPU
		{1E319CA1-702A-42A1-A4EB-9E5DE769FA5C}.Release|Any CPU.Deploy.0 = Release|Any CPU
		{45E910CE-9D11-4D80-B07E-C9197A55ECA8}.Debug|Any CPU.ActiveCfg = Debug|Any CPU
		{45E910CE-9D11-4D80-B07E-C9197A55ECA8}.Debug|Any CPU.Build.0 = Debug|Any CPU
		{45E910CE-9D11-4D80-B07E-C9197A55ECA8}.Debug|Any CPU.Deploy.0 = Debug|Any CPU
		{45E910CE-9D11-4D80-B07E-C9197A55ECA8}.Release|Any CPU.ActiveCfg = Release|Any CPU
		{45E910CE-9D11-4D80-B07E-C9197A55ECA8}.Release|Any CPU.Build.0 = Release|Any CPU
		{45E910CE-9D11-4D80-B07E-C9197A55ECA8}.Release|Any CPU.Deploy.0 = Release|Any CPU
	EndGlobalSection
	GlobalSection(SolutionProperties) = preSolution
		HideSolutionNode = FALSE
	EndGlobalSection
	GlobalSection(ExtensibilityGlobals) = postSolution
		SolutionGuid = {478536D2-4AD6-450D-A433-8BB13A2379DA}
	EndGlobalSection
EndGlobal
